
Microsoft Visual Studio Solution File, Format Version 12.00
# Visual Studio Version 16
VisualStudioVersion = 16.0.30503.244
MinimumVisualStudioVersion = 10.0.40219.1
Project("{9A19103F-16F7-4668-BE54-9A1E7A4F7556}") = "TxtWordExcelReplacer", "TxtWordExcelReplacer.csproj", "{7A91FAB8-7FA2-4104-A215-825DD4ABF4C8}"
EndProject
Project("{2150E333-8FDC-42A3-9474-1A3956D46DE8}") = "test", "test", "{E0EB0BFF-28DE-4513-98C3-EDD4A58423C6}"
	ProjectSection(SolutionItems) = preProject
		..\test\a.txt = ..\test\a.txt
		..\test\b.docx = ..\test\b.docx
		..\test\c.xlsx = ..\test\c.xlsx
	EndProjectSection
EndProject
Global
	GlobalSection(SolutionConfigurationPlatforms) = preSolution
		Debug|Any CPU = Debug|Any CPU
		Release|Any CPU = Release|Any CPU
	EndGlobalSection
	GlobalSection(ProjectConfigurationPlatforms) = postSolution
		{7A91FAB8-7FA2-4104-A215-825DD4ABF4C8}.Debug|Any CPU.ActiveCfg = Debug|Any CPU
		{7A91FAB8-7FA2-4104-A215-825DD4ABF4C8}.Debug|Any CPU.Build.0 = Debug|Any CPU
		{7A91FAB8-7FA2-4104-A215-825DD4ABF4C8}.Release|Any CPU.ActiveCfg = Release|Any CPU
		{7A91FAB8-7FA2-4104-A215-825DD4ABF4C8}.Release|Any CPU.Build.0 = Release|Any CPU
	EndGlobalSection
	GlobalSection(SolutionProperties) = preSolution
		HideSolutionNode = FALSE
	EndGlobalSection
	GlobalSection(ExtensibilityGlobals) = postSolution
		SolutionGuid = {CD1B7007-1BAE-4CA2-838A-24B0DEC14EE5}
	EndGlobalSection
EndGlobal
